
Microsoft Visual Studio Solution File, Format Version 12.00
# Visual Studio Version 16
VisualStudioVersion = 16.0.30717.126
MinimumVisualStudioVersion = 10.0.40219.1
Project("{9A19103F-16F7-4668-BE54-9A1E7A4F7556}") = "KampIntro", "KampIntro\KampIntro.csproj", "{8CC0E195-2BCE-4A2F-B6F7-602274307765}"
EndProject
Project("{9A19103F-16F7-4668-BE54-9A1E7A4F7556}") = "Donguler", "Donguler\Donguler.csproj", "{AA1B39BF-9CDB-48B1-AFB2-3A11E354A6D0}"
EndProject
Project("{9A19103F-16F7-4668-BE54-9A1E7A4F7556}") = "ClassIntro", "ClassIntro\ClassIntro.csproj", "{BDF6BFA9-5101-4BF9-98CA-2A86236743D2}"
EndProject
Project("{9A19103F-16F7-4668-BE54-9A1E7A4F7556}") = "Metotlar", "Metotlar\Metotlar.csproj", "{14DDD665-5CA3-4149-A3C5-CF8CEBF200DD}"
EndProject
Project("{9A19103F-16F7-4668-BE54-9A1E7A4F7556}") = "Matematik", "Matematik\Matematik.csproj", "{0AA218DD-AFC5-42E3-88B8-282D4B70D685}"
EndProject
Project("{9A19103F-16F7-4668-BE54-9A1E7A4F7556}") = "DegerVeReferansTipler", "DegerVeReferansTipler\DegerVeReferansTipler.csproj", "{AECAAF7D-3689-4EEE-A634-C13D430764E2}"
EndProject
Project("{9A19103F-16F7-4668-BE54-9A1E7A4F7556}") = "OOP1", "OOP1\OOP1.csproj", "{2F3E0358-29B7-4C3D-9A78-70E8EDFDB69E}"
EndProject
Project("{9A19103F-16F7-4668-BE54-9A1E7A4F7556}") = "Koleksiyonlar", "Koleksiyonlar\Koleksiyonlar.csproj", "{10352841-9DAD-4E7D-AF55-394D893220FE}"
EndProject
Project("{9A19103F-16F7-4668-BE54-9A1E7A4F7556}") = "GenericsIntro", "GenericsIntro\GenericsIntro.csproj", "{FAAC3EC8-29FA-4BAB-BE1D-6522026F44E0}"
EndProject
Project("{9A19103F-16F7-4668-BE54-9A1E7A4F7556}") = "OOP2", "OOP2\OOP2.csproj", "{BE94B244-5668-4A82-94DB-B3C485F36FCF}"
EndProject
Project("{9A19103F-16F7-4668-BE54-9A1E7A4F7556}") = "OOP3", "OOP3\OOP3.csproj", "{49A4B789-716E-4B44-B428-2325C92AA2DB}"
EndProject
Project("{FAE04EC0-301F-11D3-BF4B-00C04F79EFBC}") = "GameProject", "GameProject\GameProject.csproj", "{DAD988B8-E118-463C-AA7A-6A1D6510F68B}"
EndProject
Global
	GlobalSection(SolutionConfigurationPlatforms) = preSolution
		Debug|Any CPU = Debug|Any CPU
		Release|Any CPU = Release|Any CPU
	EndGlobalSection
	GlobalSection(ProjectConfigurationPlatforms) = postSolution
		{8CC0E195-2BCE-4A2F-B6F7-602274307765}.Debug|Any CPU.ActiveCfg = Debug|Any CPU
		{8CC0E195-2BCE-4A2F-B6F7-602274307765}.Debug|Any CPU.Build.0 = Debug|Any CPU
		{8CC0E195-2BCE-4A2F-B6F7-602274307765}.Release|Any CPU.ActiveCfg = Release|Any CPU
		{8CC0E195-2BCE-4A2F-B6F7-602274307765}.Release|Any CPU.Build.0 = Release|Any CPU
		{AA1B39BF-9CDB-48B1-AFB2-3A11E354A6D0}.Debug|Any CPU.ActiveCfg = Debug|Any CPU
		{AA1B39BF-9CDB-48B1-AFB2-3A11E354A6D0}.Debug|Any CPU.Build.0 = Debug|Any CPU
		{AA1B39BF-9CDB-48B1-AFB2-3A11E354A6D0}.Release|Any CPU.ActiveCfg = Release|Any CPU
		{AA1B39BF-9CDB-48B1-AFB2-3A11E354A6D0}.Release|Any CPU.Build.0 = Release|Any CPU
		{BDF6BFA9-5101-4BF9-98CA-2A86236743D2}.Debug|Any CPU.ActiveCfg = Debug|Any CPU
		{BDF6BFA9-5101-4BF9-98CA-2A86236743D2}.Debug|Any CPU.Build.0 = Debug|Any CPU
		{BDF6BFA9-5101-4BF9-98CA-2A86236743D2}.Release|Any CPU.ActiveCfg = Release|Any CPU
		{BDF6BFA9-5101-4BF9-98CA-2A86236743D2}.Release|Any CPU.Build.0 = Release|Any CPU
		{14DDD665-5CA3-4149-A3C5-CF8CEBF200DD}.Debug|Any CPU.ActiveCfg = Debug|Any CPU
		{14DDD665-5CA3-4149-A3C5-CF8CEBF200DD}.Debug|Any CPU.Build.0 = Debug|Any CPU
		{14DDD665-5CA3-4149-A3C5-CF8CEBF200DD}.Release|Any CPU.ActiveCfg = Release|Any CPU
		{14DDD665-5CA3-4149-A3C5-CF8CEBF200DD}.Release|Any CPU.Build.0 = Release|Any CPU
		{0AA218DD-AFC5-42E3-88B8-282D4B70D685}.Debug|Any CPU.ActiveCfg = Debug|Any CPU
		{0AA218DD-AFC5-42E3-88B8-282D4B70D685}.Debug|Any CPU.Build.0 = Debug|Any CPU
		{0AA218DD-AFC5-42E3-88B8-282D4B70D685}.Release|Any CPU.ActiveCfg = Release|Any CPU
		{0AA218DD-AFC5-42E3-88B8-282D4B70D685}.Release|Any CPU.Build.0 = Release|Any CPU
		{AECAAF7D-3689-4EEE-A634-C13D430764E2}.Debug|Any CPU.ActiveCfg = Debug|Any CPU
		{AECAAF7D-3689-4EEE-A634-C13D430764E2}.Debug|Any CPU.Build.0 = Debug|Any CPU
		{AECAAF7D-3689-4EEE-A634-C13D430764E2}.Release|Any CPU.ActiveCfg = Release|Any CPU
		{AECAAF7D-3689-4EEE-A634-C13D430764E2}.Release|Any CPU.Build.0 = Release|Any CPU
		{2F3E0358-29B7-4C3D-9A78-70E8EDFDB69E}.Debug|Any CPU.ActiveCfg = Debug|Any CPU
		{2F3E0358-29B7-4C3D-9A78-70E8EDFDB69E}.Debug|Any CPU.Build.0 = Debug|Any CPU
		{2F3E0358-29B7-4C3D-9A78-70E8EDFDB69E}.Release|Any CPU.ActiveCfg = Release|Any CPU
		{2F3E0358-29B7-4C3D-9A78-70E8EDFDB69E}.Release|Any CPU.Build.0 = Release|Any CPU
		{10352841-9DAD-4E7D-AF55-394D893220FE}.Debug|Any CPU.ActiveCfg = Debug|Any CPU
		{10352841-9DAD-4E7D-AF55-394D893220FE}.Debug|Any CPU.Build.0 = Debug|Any CPU
		{10352841-9DAD-4E7D-AF55-394D893220FE}.Release|Any CPU.ActiveCfg = Release|Any CPU
		{10352841-9DAD-4E7D-AF55-394D893220FE}.Release|Any CPU.Build.0 = Release|Any CPU
		{FAAC3EC8-29FA-4BAB-BE1D-6522026F44E0}.Debug|Any CPU.ActiveCfg = Debug|Any CPU
		{FAAC3EC8-29FA-4BAB-BE1D-6522026F44E0}.Debug|Any CPU.Build.0 = Debug|Any CPU
		{FAAC3EC8-29FA-4BAB-BE1D-6522026F44E0}.Release|Any CPU.ActiveCfg = Release|Any CPU
		{FAAC3EC8-29FA-4BAB-BE1D-6522026F44E0}.Release|Any CPU.Build.0 = Release|Any CPU
		{BE94B244-5668-4A82-94DB-B3C485F36FCF}.Debug|Any CPU.ActiveCfg = Debug|Any CPU
		{BE94B244-5668-4A82-94DB-B3C485F36FCF}.Debug|Any CPU.Build.0 = Debug|Any CPU
		{BE94B244-5668-4A82-94DB-B3C485F36FCF}.Release|Any CPU.ActiveCfg = Release|Any CPU
		{BE94B244-5668-4A82-94DB-B3C485F36FCF}.Release|Any CPU.Build.0 = Release|Any CPU
		{49A4B789-716E-4B44-B428-2325C92AA2DB}.Debug|Any CPU.ActiveCfg = Debug|Any CPU
		{49A4B789-716E-4B44-B428-2325C92AA2DB}.Debug|Any CPU.Build.0 = Debug|Any CPU
		{49A4B789-716E-4B44-B428-2325C92AA2DB}.Release|Any CPU.ActiveCfg = Release|Any CPU
		{49A4B789-716E-4B44-B428-2325C92AA2DB}.Release|Any CPU.Build.0 = Release|Any CPU
		{DAD988B8-E118-463C-AA7A-6A1D6510F68B}.Debug|Any CPU.ActiveCfg = Debug|Any CPU
		{DAD988B8-E118-463C-AA7A-6A1D6510F68B}.Debug|Any CPU.Build.0 = Debug|Any CPU
		{DAD988B8-E118-463C-AA7A-6A1D6510F68B}.Release|Any CPU.ActiveCfg = Release|Any CPU
		{DAD988B8-E118-463C-AA7A-6A1D6510F68B}.Release|Any CPU.Build.0 = Release|Any CPU
	EndGlobalSection
	GlobalSection(SolutionProperties) = preSolution
		HideSolutionNode = FALSE
	EndGlobalSection
	GlobalSection(ExtensibilityGlobals) = postSolution
		SolutionGuid = {A678E8AB-A5F0-4208-8956-CFBED2420E47}
	EndGlobalSection
EndGlobal
