
Microsoft Visual Studio Solution File, Format Version 12.00
# Visual Studio Version 16
VisualStudioVersion = 16.0.30717.126
MinimumVisualStudioVersion = 10.0.40219.1
Project("{9A19103F-16F7-4668-BE54-9A1E7A4F7556}") = "KampIntro", "KampIntro\KampIntro.csproj", "{8CC0E195-2BCE-4A2F-B6F7-602274307765}"
EndProject
Project("{9A19103F-16F7-4668-BE54-9A1E7A4F7556}") = "Donguler", "Donguler\Donguler.csproj", "{AA1B39BF-9CDB-48B1-AFB2-3A11E354A6D0}"
EndProject
Project("{9A19103F-16F7-4668-BE54-9A1E7A4F7556}") = "ClassIntro", "ClassIntro\ClassIntro.csproj", "{BDF6BFA9-5101-4BF9-98CA-2A86236743D2}"
EndProject
Project("{FAE04EC0-301F-11D3-BF4B-00C04F79EFBC}") = "Metotlar", "Metotlar\Metotlar.csproj", "{14DDD665-5CA3-4149-A3C5-CF8CEBF200DD}"
EndProject
Project("{FAE04EC0-301F-11D3-BF4B-00C04F79EFBC}") = "Matematik", "Matematik\Matematik.csproj", "{0AA218DD-AFC5-42E3-88B8-282D4B70D685}"
EndProject
Project("{FAE04EC0-301F-11D3-BF4B-00C04F79EFBC}") = "DegerVeReferansTipler", "DegerVeReferansTipler\DegerVeReferansTipler.csproj", "{AECAAF7D-3689-4EEE-A634-C13D430764E2}"
EndProject
Global
	GlobalSection(SolutionConfigurationPlatforms) = preSolution
		Debug|Any CPU = Debug|Any CPU
		Release|Any CPU = Release|Any CPU
	EndGlobalSection
	GlobalSection(ProjectConfigurationPlatforms) = postSolution
		{8CC0E195-2BCE-4A2F-B6F7-602274307765}.Debug|Any CPU.ActiveCfg = Debug|Any CPU
		{8CC0E195-2BCE-4A2F-B6F7-602274307765}.Debug|Any CPU.Build.0 = Debug|Any CPU
		{8CC0E195-2BCE-4A2F-B6F7-602274307765}.Release|Any CPU.ActiveCfg = Release|Any CPU
		{8CC0E195-2BCE-4A2F-B6F7-602274307765}.Release|Any CPU.Build.0 = Release|Any CPU
		{AA1B39BF-9CDB-48B1-AFB2-3A11E354A6D0}.Debug|Any CPU.ActiveCfg = Debug|Any CPU
		{AA1B39BF-9CDB-48B1-AFB2-3A11E354A6D0}.Debug|Any CPU.Build.0 = Debug|Any CPU
		{AA1B39BF-9CDB-48B1-AFB2-3A11E354A6D0}.Release|Any CPU.ActiveCfg = Release|Any CPU
		{AA1B39BF-9CDB-48B1-AFB2-3A11E354A6D0}.Release|Any CPU.Build.0 = Release|Any CPU
		{BDF6BFA9-5101-4BF9-98CA-2A86236743D2}.Debug|Any CPU.ActiveCfg = Debug|Any CPU
		{BDF6BFA9-5101-4BF9-98CA-2A86236743D2}.Debug|Any CPU.Build.0 = Debug|Any CPU
		{BDF6BFA9-5101-4BF9-98CA-2A86236743D2}.Release|Any CPU.ActiveCfg = Release|Any CPU
		{BDF6BFA9-5101-4BF9-98CA-2A86236743D2}.Release|Any CPU.Build.0 = Release|Any CPU
		{14DDD665-5CA3-4149-A3C5-CF8CEBF200DD}.Debug|Any CPU.ActiveCfg = Debug|Any CPU
		{14DDD665-5CA3-4149-A3C5-CF8CEBF200DD}.Debug|Any CPU.Build.0 = Debug|Any CPU
		{14DDD665-5CA3-4149-A3C5-CF8CEBF200DD}.Release|Any CPU.ActiveCfg = Release|Any CPU
		{14DDD665-5CA3-4149-A3C5-CF8CEBF200DD}.Release|Any CPU.Build.0 = Release|Any CPU
		{0AA218DD-AFC5-42E3-88B8-282D4B70D685}.Debug|Any CPU.ActiveCfg = Debug|Any CPU
		{0AA218DD-AFC5-42E3-88B8-282D4B70D685}.Debug|Any CPU.Build.0 = Debug|Any CPU
		{0AA218DD-AFC5-42E3-88B8-282D4B70D685}.Release|Any CPU.ActiveCfg = Release|Any CPU
		{0AA218DD-AFC5-42E3-88B8-282D4B70D685}.Release|Any CPU.Build.0 = Release|Any CPU
		{AECAAF7D-3689-4EEE-A634-C13D430764E2}.Debug|Any CPU.ActiveCfg = Debug|Any CPU
		{AECAAF7D-3689-4EEE-A634-C13D430764E2}.Debug|Any CPU.Build.0 = Debug|Any CPU
		{AECAAF7D-3689-4EEE-A634-C13D430764E2}.Release|Any CPU.ActiveCfg = Release|Any CPU
		{AECAAF7D-3689-4EEE-A634-C13D430764E2}.Release|Any CPU.Build.0 = Release|Any CPU
	EndGlobalSection
	GlobalSection(SolutionProperties) = preSolution
		HideSolutionNode = FALSE
	EndGlobalSection
	GlobalSection(ExtensibilityGlobals) = postSolution
		SolutionGuid = {A678E8AB-A5F0-4208-8956-CFBED2420E47}
	EndGlobalSection
EndGlobal
